{
    "_readme": [
        "This file locks the dependencies of your project to a known state",
        "Read more about it at https://getcomposer.org/doc/01-basic-usage.md#installing-dependencies",
        "This file is @generated automatically"
    ],
    "content-hash": "f728487db8089b4aaac1856f10e66181",
    "packages": [
        {
            "name": "foxtech6/vc-kernel",
            "version": "dev-master",
            "source": {
                "type": "git",
                "url": "https://github.com/foxtech6/vc-kernel.git",
                "reference": "371740e88c95d860d7d3022527f9908d4cd68546"
            },
            "dist": {
                "type": "zip",
                "url": "https://api.github.com/repos/foxtech6/vc-kernel/zipball/371740e88c95d860d7d3022527f9908d4cd68546",
                "reference": "371740e88c95d860d7d3022527f9908d4cd68546",
                "shasum": ""
            },
            "require": {
                "php": "^7.1.26"
            },
            "type": "library",
            "autoload": {
                "psr-4": {
                    "Foxtech\\": "src"
                }
            },
            "notification-url": "https://packagist.org/downloads/",
            "authors": [
                {
                    "name": "Mike",
                    "email": "bavdysmyh@ukr.net"
                }
            ],
            "description": "Kernel for vs framework",
            "time": "2019-01-28T12:09:26+00:00"
        }
    ],
    "packages-dev": [],
    "aliases": [],
    "minimum-stability": "dev",
    "stability-flags": [],
    "prefer-stable": false,
    "prefer-lowest": false,
    "platform": {
        "php": "^7.1.26"
    },
    "platform-dev": []
}
